// !$*UTF8*$!
{
	archiveVersion = 1;
	classes = {
	};
	objectVersion = 56;
	objects = {

/* Begin PBXBuildFile section */
		5F1FC7B82AE954EE00074B1E /* AppDelegate.swift in Sources */ = {isa = PBXBuildFile; fileRef = 5F1FC7B72AE954EE00074B1E /* AppDelegate.swift */; };
		5F1FC7BA2AE954EE00074B1E /* SceneDelegate.swift in Sources */ = {isa = PBXBuildFile; fileRef = 5F1FC7B92AE954EE00074B1E /* SceneDelegate.swift */; };
		5F1FC7BC2AE954EE00074B1E /* ViewController.swift in Sources */ = {isa = PBXBuildFile; fileRef = 5F1FC7BB2AE954EE00074B1E /* ViewController.swift */; };
		5F1FC7BF2AE954EE00074B1E /* Main.storyboard in Resources */ = {isa = PBXBuildFile; fileRef = 5F1FC7BD2AE954EE00074B1E /* Main.storyboard */; };
		5F1FC7C12AE954F000074B1E /* Assets.xcassets in Resources */ = {isa = PBXBuildFile; fileRef = 5F1FC7C02AE954F000074B1E /* Assets.xcassets */; };
		5F1FC7C42AE954F000074B1E /* LaunchScreen.storyboard in Resources */ = {isa = PBXBuildFile; fileRef = 5F1FC7C22AE954F000074B1E /* LaunchScreen.storyboard */; };
		5F1FC7CF2AE954F000074B1E /* rbg_matcherTests.swift in Sources */ = {isa = PBXBuildFile; fileRef = 5F1FC7CE2AE954F000074B1E /* rbg_matcherTests.swift */; };
		5F1FC7D92AE954F000074B1E /* rbg_matcherUITests.swift in Sources */ = {isa = PBXBuildFile; fileRef = 5F1FC7D82AE954F000074B1E /* rbg_matcherUITests.swift */; };
		5F1FC7DB2AE954F000074B1E /* rbg_matcherUITestsLaunchTests.swift in Sources */ = {isa = PBXBuildFile; fileRef = 5F1FC7DA2AE954F000074B1E /* rbg_matcherUITestsLaunchTests.swift */; };
/* End PBXBuildFile section */

/* Begin PBXContainerItemProxy section */
		5F1FC7CB2AE954F000074B1E /* PBXContainerItemProxy */ = {
			isa = PBXContainerItemProxy;
			containerPortal = 5F1FC7AC2AE954EE00074B1E /* Project object */;
			proxyType = 1;
			remoteGlobalIDString = 5F1FC7B32AE954EE00074B1E;
			remoteInfo = "rbg-matcher";
		};
		5F1FC7D52AE954F000074B1E /* PBXContainerItemProxy */ = {
			isa = PBXContainerItemProxy;
			containerPortal = 5F1FC7AC2AE954EE00074B1E /* Project object */;
			proxyType = 1;
			remoteGlobalIDString = 5F1FC7B32AE954EE00074B1E;
			remoteInfo = "rbg-matcher";
		};
/* End PBXContainerItemProxy section */

/* Begin PBXFileReference section */
		5F1FC7B42AE954EE00074B1E /* rbg-matcher.app */ = {isa = PBXFileReference; explicitFileType = wrapper.application; includeInIndex = 0; path = "rbg-matcher.app"; sourceTree = BUILT_PRODUCTS_DIR; };
		5F1FC7B72AE954EE00074B1E /* AppDelegate.swift */ = {isa = PBXFileReference; lastKnownFileType = sourcecode.swift; path = AppDelegate.swift; sourceTree = "<group>"; };
		5F1FC7B92AE954EE00074B1E /* SceneDelegate.swift */ = {isa = PBXFileReference; lastKnownFileType = sourcecode.swift; path = SceneDelegate.swift; sourceTree = "<group>"; };
		5F1FC7BB2AE954EE00074B1E /* ViewController.swift */ = {isa = PBXFileReference; lastKnownFileType = sourcecode.swift; path = ViewController.swift; sourceTree = "<group>"; };
		5F1FC7BE2AE954EE00074B1E /* Base */ = {isa = PBXFileReference; lastKnownFileType = file.storyboard; name = Base; path = Base.lproj/Main.storyboard; sourceTree = "<group>"; };
		5F1FC7C02AE954F000074B1E /* Assets.xcassets */ = {isa = PBXFileReference; lastKnownFileType = folder.assetcatalog; path = Assets.xcassets; sourceTree = "<group>"; };
		5F1FC7C32AE954F000074B1E /* Base */ = {isa = PBXFileReference; lastKnownFileType = file.storyboard; name = Base; path = Base.lproj/LaunchScreen.storyboard; sourceTree = "<group>"; };
		5F1FC7C52AE954F000074B1E /* Info.plist */ = {isa = PBXFileReference; lastKnownFileType = text.plist.xml; path = Info.plist; sourceTree = "<group>"; };
		5F1FC7CA2AE954F000074B1E /* rbg-matcherTests.xctest */ = {isa = PBXFileReference; explicitFileType = wrapper.cfbundle; includeInIndex = 0; path = "rbg-matcherTests.xctest"; sourceTree = BUILT_PRODUCTS_DIR; };
		5F1FC7CE2AE954F000074B1E /* rbg_matcherTests.swift */ = {isa = PBXFileReference; lastKnownFileType = sourcecode.swift; path = rbg_matcherTests.swift; sourceTree = "<group>"; };
		5F1FC7D42AE954F000074B1E /* rbg-matcherUITests.xctest */ = {isa = PBXFileReference; explicitFileType = wrapper.cfbundle; includeInIndex = 0; path = "rbg-matcherUITests.xctest"; sourceTree = BUILT_PRODUCTS_DIR; };
		5F1FC7D82AE954F000074B1E /* rbg_matcherUITests.swift */ = {isa = PBXFileReference; lastKnownFileType = sourcecode.swift; path = rbg_matcherUITests.swift; sourceTree = "<group>"; };
		5F1FC7DA2AE954F000074B1E /* rbg_matcherUITestsLaunchTests.swift */ = {isa = PBXFileReference; lastKnownFileType = sourcecode.swift; path = rbg_matcherUITestsLaunchTests.swift; sourceTree = "<group>"; };
/* End PBXFileReference section */

/* Begin PBXFrameworksBuildPhase section */
		5F1FC7B12AE954EE00074B1E /* Frameworks */ = {
			isa = PBXFrameworksBuildPhase;
			buildActionMask = 2147483647;
			files = (
			);
			runOnlyForDeploymentPostprocessing = 0;
		};
		5F1FC7C72AE954F000074B1E /* Frameworks */ = {
			isa = PBXFrameworksBuildPhase;
			buildActionMask = 2147483647;
			files = (
			);
			runOnlyForDeploymentPostprocessing = 0;
		};
		5F1FC7D12AE954F000074B1E /* Frameworks */ = {
			isa = PBXFrameworksBuildPhase;
			buildActionMask = 2147483647;
			files = (
			);
			runOnlyForDeploymentPostprocessing = 0;
		};
/* End PBXFrameworksBuildPhase section */

/* Begin PBXGroup section */
		5F1FC7AB2AE954EE00074B1E = {
			isa = PBXGroup;
			children = (
				5F1FC7B62AE954EE00074B1E /* rbg-matcher */,
				5F1FC7CD2AE954F000074B1E /* rbg-matcherTests */,
				5F1FC7D72AE954F000074B1E /* rbg-matcherUITests */,
				5F1FC7B52AE954EE00074B1E /* Products */,
			);
			sourceTree = "<group>";
		};
		5F1FC7B52AE954EE00074B1E /* Products */ = {
			isa = PBXGroup;
			children = (
				5F1FC7B42AE954EE00074B1E /* rbg-matcher.app */,
				5F1FC7CA2AE954F000074B1E /* rbg-matcherTests.xctest */,
				5F1FC7D42AE954F000074B1E /* rbg-matcherUITests.xctest */,
			);
			name = Products;
			sourceTree = "<group>";
		};
		5F1FC7B62AE954EE00074B1E /* rbg-matcher */ = {
			isa = PBXGroup;
			children = (
				5F1FC7B72AE954EE00074B1E /* AppDelegate.swift */,
				5F1FC7B92AE954EE00074B1E /* SceneDelegate.swift */,
				5F1FC7BB2AE954EE00074B1E /* ViewController.swift */,
				5F1FC7BD2AE954EE00074B1E /* Main.storyboard */,
				5F1FC7C02AE954F000074B1E /* Assets.xcassets */,
				5F1FC7C22AE954F000074B1E /* LaunchScreen.storyboard */,
				5F1FC7C52AE954F000074B1E /* Info.plist */,
			);
			path = "rbg-matcher";
			sourceTree = "<group>";
		};
		5F1FC7CD2AE954F000074B1E /* rbg-matcherTests */ = {
			isa = PBXGroup;
			children = (
				5F1FC7CE2AE954F000074B1E /* rbg_matcherTests.swift */,
			);
			path = "rbg-matcherTests";
			sourceTree = "<group>";
		};
		5F1FC7D72AE954F000074B1E /* rbg-matcherUITests */ = {
			isa = PBXGroup;
			children = (
				5F1FC7D82AE954F000074B1E /* rbg_matcherUITests.swift */,
				5F1FC7DA2AE954F000074B1E /* rbg_matcherUITestsLaunchTests.swift */,
			);
			path = "rbg-matcherUITests";
			sourceTree = "<group>";
		};
/* End PBXGroup section */

/* Begin PBXNativeTarget section */
		5F1FC7B32AE954EE00074B1E /* rbg-matcher */ = {
			isa = PBXNativeTarget;
			buildConfigurationList = 5F1FC7DE2AE954F000074B1E /* Build configuration list for PBXNativeTarget "rbg-matcher" */;
			buildPhases = (
				5F1FC7B02AE954EE00074B1E /* Sources */,
				5F1FC7B12AE954EE00074B1E /* Frameworks */,
				5F1FC7B22AE954EE00074B1E /* Resources */,
			);
			buildRules = (
			);
			dependencies = (
			);
			name = "rbg-matcher";
			productName = "rbg-matcher";
			productReference = 5F1FC7B42AE954EE00074B1E /* rbg-matcher.app */;
			productType = "com.apple.product-type.application";
		};
		5F1FC7C92AE954F000074B1E /* rbg-matcherTests */ = {
			isa = PBXNativeTarget;
			buildConfigurationList = 5F1FC7E12AE954F000074B1E /* Build configuration list for PBXNativeTarget "rbg-matcherTests" */;
			buildPhases = (
				5F1FC7C62AE954F000074B1E /* Sources */,
				5F1FC7C72AE954F000074B1E /* Frameworks */,
				5F1FC7C82AE954F000074B1E /* Resources */,
			);
			buildRules = (
			);
			dependencies = (
				5F1FC7CC2AE954F000074B1E /* PBXTargetDependency */,
			);
			name = "rbg-matcherTests";
			productName = "rbg-matcherTests";
			productReference = 5F1FC7CA2AE954F000074B1E /* rbg-matcherTests.xctest */;
			productType = "com.apple.product-type.bundle.unit-test";
		};
		5F1FC7D32AE954F000074B1E /* rbg-matcherUITests */ = {
			isa = PBXNativeTarget;
			buildConfigurationList = 5F1FC7E42AE954F000074B1E /* Build configuration list for PBXNativeTarget "rbg-matcherUITests" */;
			buildPhases = (
				5F1FC7D02AE954F000074B1E /* Sources */,
				5F1FC7D12AE954F000074B1E /* Frameworks */,
				5F1FC7D22AE954F000074B1E /* Resources */,
			);
			buildRules = (
			);
			dependencies = (
				5F1FC7D62AE954F000074B1E /* PBXTargetDependency */,
			);
			name = "rbg-matcherUITests";
			productName = "rbg-matcherUITests";
			productReference = 5F1FC7D42AE954F000074B1E /* rbg-matcherUITests.xctest */;
			productType = "com.apple.product-type.bundle.ui-testing";
		};
/* End PBXNativeTarget section */

/* Begin PBXProject section */
		5F1FC7AC2AE954EE00074B1E /* Project object */ = {
			isa = PBXProject;
			attributes = {
				BuildIndependentTargetsInParallel = 1;
				LastSwiftUpdateCheck = 1430;
				LastUpgradeCheck = 1430;
				TargetAttributes = {
					5F1FC7B32AE954EE00074B1E = {
						CreatedOnToolsVersion = 14.3.1;
					};
					5F1FC7C92AE954F000074B1E = {
						CreatedOnToolsVersion = 14.3.1;
						TestTargetID = 5F1FC7B32AE954EE00074B1E;
					};
					5F1FC7D32AE954F000074B1E = {
						CreatedOnToolsVersion = 14.3.1;
						TestTargetID = 5F1FC7B32AE954EE00074B1E;
					};
				};
			};
			buildConfigurationList = 5F1FC7AF2AE954EE00074B1E /* Build configuration list for PBXProject "rbg-matcher" */;
			compatibilityVersion = "Xcode 14.0";
			developmentRegion = en;
			hasScannedForEncodings = 0;
			knownRegions = (
				en,
				Base,
			);
			mainGroup = 5F1FC7AB2AE954EE00074B1E;
			productRefGroup = 5F1FC7B52AE954EE00074B1E /* Products */;
			projectDirPath = "";
			projectRoot = "";
			targets = (
				5F1FC7B32AE954EE00074B1E /* rbg-matcher */,
				5F1FC7C92AE954F000074B1E /* rbg-matcherTests */,
				5F1FC7D32AE954F000074B1E /* rbg-matcherUITests */,
			);
		};
/* End PBXProject section */

/* Begin PBXResourcesBuildPhase section */
		5F1FC7B22AE954EE00074B1E /* Resources */ = {
			isa = PBXResourcesBuildPhase;
			buildActionMask = 2147483647;
			files = (
				5F1FC7C42AE954F000074B1E /* LaunchScreen.storyboard in Resources */,
				5F1FC7C12AE954F000074B1E /* Assets.xcassets in Resources */,
				5F1FC7BF2AE954EE00074B1E /* Main.storyboard in Resources */,
			);
			runOnlyForDeploymentPostprocessing = 0;
		};
		5F1FC7C82AE954F000074B1E /* Resources */ = {
			isa = PBXResourcesBuildPhase;
			buildActionMask = 2147483647;
			files = (
			);
			runOnlyForDeploymentPostprocessing = 0;
		};
		5F1FC7D22AE954F000074B1E /* Resources */ = {
			isa = PBXResourcesBuildPhase;
			buildActionMask = 2147483647;
			files = (
			);
			runOnlyForDeploymentPostprocessing = 0;
		};
/* End PBXResourcesBuildPhase section */

/* Begin PBXSourcesBuildPhase section */
		5F1FC7B02AE954EE00074B1E /* Sources */ = {
			isa = PBXSourcesBuildPhase;
			buildActionMask = 2147483647;
			files = (
				5F1FC7BC2AE954EE00074B1E /* ViewController.swift in Sources */,
				5F1FC7B82AE954EE00074B1E /* AppDelegate.swift in Sources */,
				5F1FC7BA2AE954EE00074B1E /* SceneDelegate.swift in Sources */,
			);
			runOnlyForDeploymentPostprocessing = 0;
		};
		5F1FC7C62AE954F000074B1E /* Sources */ = {
			isa = PBXSourcesBuildPhase;
			buildActionMask = 2147483647;
			files = (
				5F1FC7CF2AE954F000074B1E /* rbg_matcherTests.swift in Sources */,
			);
			runOnlyForDeploymentPostprocessing = 0;
		};
		5F1FC7D02AE954F000074B1E /* Sources */ = {
			isa = PBXSourcesBuildPhase;
			buildActionMask = 2147483647;
			files = (
				5F1FC7D92AE954F000074B1E /* rbg_matcherUITests.swift in Sources */,
				5F1FC7DB2AE954F000074B1E /* rbg_matcherUITestsLaunchTests.swift in Sources */,
			);
			runOnlyForDeploymentPostprocessing = 0;
		};
/* End PBXSourcesBuildPhase section */

/* Begin PBXTargetDependency section */
		5F1FC7CC2AE954F000074B1E /* PBXTargetDependency */ = {
			isa = PBXTargetDependency;
			target = 5F1FC7B32AE954EE00074B1E /* rbg-matcher */;
			targetProxy = 5F1FC7CB2AE954F000074B1E /* PBXContainerItemProxy */;
		};
		5F1FC7D62AE954F000074B1E /* PBXTargetDependency */ = {
			isa = PBXTargetDependency;
			target = 5F1FC7B32AE954EE00074B1E /* rbg-matcher */;
			targetProxy = 5F1FC7D52AE954F000074B1E /* PBXContainerItemProxy */;
		};
/* End PBXTargetDependency section */

/* Begin PBXVariantGroup section */
		5F1FC7BD2AE954EE00074B1E /* Main.storyboard */ = {
			isa = PBXVariantGroup;
			children = (
				5F1FC7BE2AE954EE00074B1E /* Base */,
			);
			name = Main.storyboard;
			sourceTree = "<group>";
		};
		5F1FC7C22AE954F000074B1E /* LaunchScreen.storyboard */ = {
			isa = PBXVariantGroup;
			children = (
				5F1FC7C32AE954F000074B1E /* Base */,
			);
			name = LaunchScreen.storyboard;
			sourceTree = "<group>";
		};
/* End PBXVariantGroup section */

/* Begin XCBuildConfiguration section */
		5F1FC7DC2AE954F000074B1E /* Debug */ = {
			isa = XCBuildConfiguration;
			buildSettings = {
				ALWAYS_SEARCH_USER_PATHS = NO;
				CLANG_ANALYZER_NONNULL = YES;
				CLANG_ANALYZER_NUMBER_OBJECT_CONVERSION = YES_AGGRESSIVE;
				CLANG_CXX_LANGUAGE_STANDARD = "gnu++20";
				CLANG_ENABLE_MODULES = YES;
				CLANG_ENABLE_OBJC_ARC = YES;
				CLANG_ENABLE_OBJC_WEAK = YES;
				CLANG_WARN_BLOCK_CAPTURE_AUTORELEASING = YES;
				CLANG_WARN_BOOL_CONVERSION = YES;
				CLANG_WARN_COMMA = YES;
				CLANG_WARN_CONSTANT_CONVERSION = YES;
				CLANG_WARN_DEPRECATED_OBJC_IMPLEMENTATIONS = YES;
				CLANG_WARN_DIRECT_OBJC_ISA_USAGE = YES_ERROR;
				CLANG_WARN_DOCUMENTATION_COMMENTS = YES;
				CLANG_WARN_EMPTY_BODY = YES;
				CLANG_WARN_ENUM_CONVERSION = YES;
				CLANG_WARN_INFINITE_RECURSION = YES;
				CLANG_WARN_INT_CONVERSION = YES;
				CLANG_WARN_NON_LITERAL_NULL_CONVERSION = YES;
				CLANG_WARN_OBJC_IMPLICIT_RETAIN_SELF = YES;
				CLANG_WARN_OBJC_LITERAL_CONVERSION = YES;
				CLANG_WARN_OBJC_ROOT_CLASS = YES_ERROR;
				CLANG_WARN_QUOTED_INCLUDE_IN_FRAMEWORK_HEADER = YES;
				CLANG_WARN_RANGE_LOOP_ANALYSIS = YES;
				CLANG_WARN_STRICT_PROTOTYPES = YES;
				CLANG_WARN_SUSPICIOUS_MOVE = YES;
				CLANG_WARN_UNGUARDED_AVAILABILITY = YES_AGGRESSIVE;
				CLANG_WARN_UNREACHABLE_CODE = YES;
				CLANG_WARN__DUPLICATE_METHOD_MATCH = YES;
				COPY_PHASE_STRIP = NO;
				DEBUG_INFORMATION_FORMAT = dwarf;
				ENABLE_STRICT_OBJC_MSGSEND = YES;
				ENABLE_TESTABILITY = YES;
				GCC_C_LANGUAGE_STANDARD = gnu11;
				GCC_DYNAMIC_NO_PIC = NO;
				GCC_NO_COMMON_BLOCKS = YES;
				GCC_OPTIMIZATION_LEVEL = 0;
				GCC_PREPROCESSOR_DEFINITIONS = (
					"DEBUG=1",
					"$(inherited)",
				);
				GCC_WARN_64_TO_32_BIT_CONVERSION = YES;
				GCC_WARN_ABOUT_RETURN_TYPE = YES_ERROR;
				GCC_WARN_UNDECLARED_SELECTOR = YES;
				GCC_WARN_UNINITIALIZED_AUTOS = YES_AGGRESSIVE;
				GCC_WARN_UNUSED_FUNCTION = YES;
				GCC_WARN_UNUSED_VARIABLE = YES;
				IPHONEOS_DEPLOYMENT_TARGET = 16.4;
				MTL_ENABLE_DEBUG_INFO = INCLUDE_SOURCE;
				MTL_FAST_MATH = YES;
				ONLY_ACTIVE_ARCH = YES;
				SDKROOT = iphoneos;
				SWIFT_ACTIVE_COMPILATION_CONDITIONS = DEBUG;
				SWIFT_OPTIMIZATION_LEVEL = "-Onone";
			};
			name = Debug;
		};
		5F1FC7DD2AE954F000074B1E /* Release */ = {
			isa = XCBuildConfiguration;
			buildSettings = {
				ALWAYS_SEARCH_USER_PATHS = NO;
				CLANG_ANALYZER_NONNULL = YES;
				CLANG_ANALYZER_NUMBER_OBJECT_CONVERSION = YES_AGGRESSIVE;
				CLANG_CXX_LANGUAGE_STANDARD = "gnu++20";
				CLANG_ENABLE_MODULES = YES;
				CLANG_ENABLE_OBJC_ARC = YES;
				CLANG_ENABLE_OBJC_WEAK = YES;
				CLANG_WARN_BLOCK_CAPTURE_AUTORELEASING = YES;
				CLANG_WARN_BOOL_CONVERSION = YES;
				CLANG_WARN_COMMA = YES;
				CLANG_WARN_CONSTANT_CONVERSION = YES;
				CLANG_WARN_DEPRECATED_OBJC_IMPLEMENTATIONS = YES;
				CLANG_WARN_DIRECT_OBJC_ISA_USAGE = YES_ERROR;
				CLANG_WARN_DOCUMENTATION_COMMENTS = YES;
				CLANG_WARN_EMPTY_BODY = YES;
				CLANG_WARN_ENUM_CONVERSION = YES;
				CLANG_WARN_INFINITE_RECURSION = YES;
				CLANG_WARN_INT_CONVERSION = YES;
				CLANG_WARN_NON_LITERAL_NULL_CONVERSION = YES;
				CLANG_WARN_OBJC_IMPLICIT_RETAIN_SELF = YES;
				CLANG_WARN_OBJC_LITERAL_CONVERSION = YES;
				CLANG_WARN_OBJC_ROOT_CLASS = YES_ERROR;
				CLANG_WARN_QUOTED_INCLUDE_IN_FRAMEWORK_HEADER = YES;
				CLANG_WARN_RANGE_LOOP_ANALYSIS = YES;
				CLANG_WARN_STRICT_PROTOTYPES = YES;
				CLANG_WARN_SUSPICIOUS_MOVE = YES;
				CLANG_WARN_UNGUARDED_AVAILABILITY = YES_AGGRESSIVE;
				CLANG_WARN_UNREACHABLE_CODE = YES;
				CLANG_WARN__DUPLICATE_METHOD_MATCH = YES;
				COPY_PHASE_STRIP = NO;
				DEBUG_INFORMATION_FORMAT = "dwarf-with-dsym";
				ENABLE_NS_ASSERTIONS = NO;
				ENABLE_STRICT_OBJC_MSGSEND = YES;
				GCC_C_LANGUAGE_STANDARD = gnu11;
				GCC_NO_COMMON_BLOCKS = YES;
				GCC_WARN_64_TO_32_BIT_CONVERSION = YES;
				GCC_WARN_ABOUT_RETURN_TYPE = YES_ERROR;
				GCC_WARN_UNDECLARED_SELECTOR = YES;
				GCC_WARN_UNINITIALIZED_AUTOS = YES_AGGRESSIVE;
				GCC_WARN_UNUSED_FUNCTION = YES;
				GCC_WARN_UNUSED_VARIABLE = YES;
				IPHONEOS_DEPLOYMENT_TARGET = 16.4;
				MTL_ENABLE_DEBUG_INFO = NO;
				MTL_FAST_MATH = YES;
				SDKROOT = iphoneos;
				SWIFT_COMPILATION_MODE = wholemodule;
				SWIFT_OPTIMIZATION_LEVEL = "-O";
				VALIDATE_PRODUCT = YES;
			};
			name = Release;
		};
		5F1FC7DF2AE954F000074B1E /* Debug */ = {
			isa = XCBuildConfiguration;
			buildSettings = {
				ASSETCATALOG_COMPILER_APPICON_NAME = AppIcon;
				ASSETCATALOG_COMPILER_GLOBAL_ACCENT_COLOR_NAME = AccentColor;
				CODE_SIGN_STYLE = Automatic;
				CURRENT_PROJECT_VERSION = 1;
				GENERATE_INFOPLIST_FILE = YES;
				INFOPLIST_FILE = "rbg-matcher/Info.plist";
				INFOPLIST_KEY_UIApplicationSupportsIndirectInputEvents = YES;
				INFOPLIST_KEY_UILaunchStoryboardName = LaunchScreen;
				INFOPLIST_KEY_UIMainStoryboardFile = Main;
				INFOPLIST_KEY_UISupportedInterfaceOrientations_iPad = "UIInterfaceOrientationPortrait UIInterfaceOrientationPortraitUpsideDown UIInterfaceOrientationLandscapeLeft UIInterfaceOrientationLandscapeRight";
				INFOPLIST_KEY_UISupportedInterfaceOrientations_iPhone = "UIInterfaceOrientationPortrait UIInterfaceOrientationLandscapeLeft UIInterfaceOrientationLandscapeRight";
				LD_RUNPATH_SEARCH_PATHS = (
					"$(inherited)",
					"@executable_path/Frameworks",
				);
				MARKETING_VERSION = 1.0;
				PRODUCT_BUNDLE_IDENTIFIER = "tadahiroueta.rbg-matcher";
				PRODUCT_NAME = "$(TARGET_NAME)";
				SWIFT_EMIT_LOC_STRINGS = YES;
				SWIFT_VERSION = 5.0;
				TARGETED_DEVICE_FAMILY = "1,2";
			};
			name = Debug;
		};
		5F1FC7E02AE954F000074B1E /* Release */ = {
			isa = XCBuildConfiguration;
			buildSettings = {
				ASSETCATALOG_COMPILER_APPICON_NAME = AppIcon;
				ASSETCATALOG_COMPILER_GLOBAL_ACCENT_COLOR_NAME = AccentColor;
				CODE_SIGN_STYLE = Automatic;
				CURRENT_PROJECT_VERSION = 1;
				GENERATE_INFOPLIST_FILE = YES;
				INFOPLIST_FILE = "rbg-matcher/Info.plist";
				INFOPLIST_KEY_UIApplicationSupportsIndirectInputEvents = YES;
				INFOPLIST_KEY_UILaunchStoryboardName = LaunchScreen;
				INFOPLIST_KEY_UIMainStoryboardFile = Main;
				INFOPLIST_KEY_UISupportedInterfaceOrientations_iPad = "UIInterfaceOrientationPortrait UIInterfaceOrientationPortraitUpsideDown UIInterfaceOrientationLandscapeLeft UIInterfaceOrientationLandscapeRight";
				INFOPLIST_KEY_UISupportedInterfaceOrientations_iPhone = "UIInterfaceOrientationPortrait UIInterfaceOrientationLandscapeLeft UIInterfaceOrientationLandscapeRight";
				LD_RUNPATH_SEARCH_PATHS = (
					"$(inherited)",
					"@executable_path/Frameworks",
				);
				MARKETING_VERSION = 1.0;
				PRODUCT_BUNDLE_IDENTIFIER = "tadahiroueta.rbg-matcher";
				PRODUCT_NAME = "$(TARGET_NAME)";
				SWIFT_EMIT_LOC_STRINGS = YES;
				SWIFT_VERSION = 5.0;
				TARGETED_DEVICE_FAMILY = "1,2";
			};
			name = Release;
		};
		5F1FC7E22AE954F000074B1E /* Debug */ = {
			isa = XCBuildConfiguration;
			buildSettings = {
				ALWAYS_EMBED_SWIFT_STANDARD_LIBRARIES = YES;
				BUNDLE_LOADER = "$(TEST_HOST)";
				CODE_SIGN_STYLE = Automatic;
				CURRENT_PROJECT_VERSION = 1;
				GENERATE_INFOPLIST_FILE = YES;
				IPHONEOS_DEPLOYMENT_TARGET = 16.4;
				MARKETING_VERSION = 1.0;
				PRODUCT_BUNDLE_IDENTIFIER = "tadahiroueta.rbg-matcherTests";
				PRODUCT_NAME = "$(TARGET_NAME)";
				SWIFT_EMIT_LOC_STRINGS = NO;
				SWIFT_VERSION = 5.0;
				TARGETED_DEVICE_FAMILY = "1,2";
				TEST_HOST = "$(BUILT_PRODUCTS_DIR)/rbg-matcher.app/$(BUNDLE_EXECUTABLE_FOLDER_PATH)/rbg-matcher";
			};
			name = Debug;
		};
		5F1FC7E32AE954F000074B1E /* Release */ = {
			isa = XCBuildConfiguration;
			buildSettings = {
				ALWAYS_EMBED_SWIFT_STANDARD_LIBRARIES = YES;
				BUNDLE_LOADER = "$(TEST_HOST)";
				CODE_SIGN_STYLE = Automatic;
				CURRENT_PROJECT_VERSION = 1;
				GENERATE_INFOPLIST_FILE = YES;
				IPHONEOS_DEPLOYMENT_TARGET = 16.4;
				MARKETING_VERSION = 1.0;
				PRODUCT_BUNDLE_IDENTIFIER = "tadahiroueta.rbg-matcherTests";
				PRODUCT_NAME = "$(TARGET_NAME)";
				SWIFT_EMIT_LOC_STRINGS = NO;
				SWIFT_VERSION = 5.0;
				TARGETED_DEVICE_FAMILY = "1,2";
				TEST_HOST = "$(BUILT_PRODUCTS_DIR)/rbg-matcher.app/$(BUNDLE_EXECUTABLE_FOLDER_PATH)/rbg-matcher";
			};
			name = Release;
		};
		5F1FC7E52AE954F000074B1E /* Debug */ = {
			isa = XCBuildConfiguration;
			buildSettings = {
				ALWAYS_EMBED_SWIFT_STANDARD_LIBRARIES = YES;
				CODE_SIGN_STYLE = Automatic;
				CURRENT_PROJECT_VERSION = 1;
				GENERATE_INFOPLIST_FILE = YES;
				MARKETING_VERSION = 1.0;
				PRODUCT_BUNDLE_IDENTIFIER = "tadahiroueta.rbg-matcherUITests";
				PRODUCT_NAME = "$(TARGET_NAME)";
				SWIFT_EMIT_LOC_STRINGS = NO;
				SWIFT_VERSION = 5.0;
				TARGETED_DEVICE_FAMILY = "1,2";
				TEST_TARGET_NAME = "rbg-matcher";
			};
			name = Debug;
		};
		5F1FC7E62AE954F000074B1E /* Release */ = {
			isa = XCBuildConfiguration;
			buildSettings = {
				ALWAYS_EMBED_SWIFT_STANDARD_LIBRARIES = YES;
				CODE_SIGN_STYLE = Automatic;
				CURRENT_PROJECT_VERSION = 1;
				GENERATE_INFOPLIST_FILE = YES;
				MARKETING_VERSION = 1.0;
				PRODUCT_BUNDLE_IDENTIFIER = "tadahiroueta.rbg-matcherUITests";
				PRODUCT_NAME = "$(TARGET_NAME)";
				SWIFT_EMIT_LOC_STRINGS = NO;
				SWIFT_VERSION = 5.0;
				TARGETED_DEVICE_FAMILY = "1,2";
				TEST_TARGET_NAME = "rbg-matcher";
			};
			name = Release;
		};
/* End XCBuildConfiguration section */

/* Begin XCConfigurationList section */
		5F1FC7AF2AE954EE00074B1E /* Build configuration list for PBXProject "rbg-matcher" */ = {
			isa = XCConfigurationList;
			buildConfigurations = (
				5F1FC7DC2AE954F000074B1E /* Debug */,
				5F1FC7DD2AE954F000074B1E /* Release */,
			);
			defaultConfigurationIsVisible = 0;
			defaultConfigurationName = Release;
		};
		5F1FC7DE2AE954F000074B1E /* Build configuration list for PBXNativeTarget "rbg-matcher" */ = {
			isa = XCConfigurationList;
			buildConfigurations = (
				5F1FC7DF2AE954F000074B1E /* Debug */,
				5F1FC7E02AE954F000074B1E /* Release */,
			);
			defaultConfigurationIsVisible = 0;
			defaultConfigurationName = Release;
		};
		5F1FC7E12AE954F000074B1E /* Build configuration list for PBXNativeTarget "rbg-matcherTests" */ = {
			isa = XCConfigurationList;
			buildConfigurations = (
				5F1FC7E22AE954F000074B1E /* Debug */,
				5F1FC7E32AE954F000074B1E /* Release */,
			);
			defaultConfigurationIsVisible = 0;
			defaultConfigurationName = Release;
		};
		5F1FC7E42AE954F000074B1E /* Build configuration list for PBXNativeTarget "rbg-matcherUITests" */ = {
			isa = XCConfigurationList;
			buildConfigurations = (
				5F1FC7E52AE954F000074B1E /* Debug */,
				5F1FC7E62AE954F000074B1E /* Release */,
			);
			defaultConfigurationIsVisible = 0;
			defaultConfigurationName = Release;
		};
/* End XCConfigurationList section */
	};
	rootObject = 5F1FC7AC2AE954EE00074B1E /* Project object */;
}
